
Microsoft Visual Studio Solution File, Format Version 12.00
# Visual Studio 15
VisualStudioVersion = 15.0.27004.2005
MinimumVisualStudioVersion = 10.0.40219.1
Project("{8BC9CEB8-8B4A-11D0-8D11-00A0C91BC942}") = "HW7", "HW7\HW7.vcxproj", "{35E957DA-38BE-4724-A52E-BEAD250E6DA7}"
EndProject
Global
	GlobalSection(SolutionConfigurationPlatforms) = preSolution
		Debug|x64 = Debug|x64
		Debug|x86 = Debug|x86
		Release|x64 = Release|x64
		Release|x86 = Release|x86
	EndGlobalSection
	GlobalSection(ProjectConfigurationPlatforms) = postSolution
		{35E957DA-38BE-4724-A52E-BEAD250E6DA7}.Debug|x64.ActiveCfg = Debug|x64
		{35E957DA-38BE-4724-A52E-BEAD250E6DA7}.Debug|x64.Build.0 = Debug|x64
		{35E957DA-38BE-4724-A52E-BEAD250E6DA7}.Debug|x86.ActiveCfg = Debug|Win32
		{35E957DA-38BE-4724-A52E-BEAD250E6DA7}.Debug|x86.Build.0 = Debug|Win32
		{35E957DA-38BE-4724-A52E-BEAD250E6DA7}.Release|x64.ActiveCfg = Release|x64
		{35E957DA-38BE-4724-A52E-BEAD250E6DA7}.Release|x64.Build.0 = Release|x64
		{35E957DA-38BE-4724-A52E-BEAD250E6DA7}.Release|x86.ActiveCfg = Release|Win32
		{35E957DA-38BE-4724-A52E-BEAD250E6DA7}.Release|x86.Build.0 = Release|Win32
	EndGlobalSection
	GlobalSection(SolutionProperties) = preSolution
		HideSolutionNode = FALSE
	EndGlobalSection
	GlobalSection(ExtensibilityGlobals) = postSolution
		SolutionGuid = {476B3C91-53FF-490E-80B3-BE4C5EF3C861}
	EndGlobalSection
EndGlobal
