
Microsoft Visual Studio Solution File, Format Version 12.00
# Visual Studio 15
VisualStudioVersion = 15.0.26730.15
MinimumVisualStudioVersion = 10.0.40219.1
Project("{8BC9CEB8-8B4A-11D0-8D11-00A0C91BC942}") = "HW2.1", "HW2.1\HW2.1.vcxproj", "{31BC997C-4EBB-4047-98BB-2FB5CA612130}"
EndProject
Global
	GlobalSection(SolutionConfigurationPlatforms) = preSolution
		Debug|x64 = Debug|x64
		Debug|x86 = Debug|x86
		Release|x64 = Release|x64
		Release|x86 = Release|x86
	EndGlobalSection
	GlobalSection(ProjectConfigurationPlatforms) = postSolution
		{31BC997C-4EBB-4047-98BB-2FB5CA612130}.Debug|x64.ActiveCfg = Debug|x64
		{31BC997C-4EBB-4047-98BB-2FB5CA612130}.Debug|x64.Build.0 = Debug|x64
		{31BC997C-4EBB-4047-98BB-2FB5CA612130}.Debug|x86.ActiveCfg = Debug|Win32
		{31BC997C-4EBB-4047-98BB-2FB5CA612130}.Debug|x86.Build.0 = Debug|Win32
		{31BC997C-4EBB-4047-98BB-2FB5CA612130}.Release|x64.ActiveCfg = Release|x64
		{31BC997C-4EBB-4047-98BB-2FB5CA612130}.Release|x64.Build.0 = Release|x64
		{31BC997C-4EBB-4047-98BB-2FB5CA612130}.Release|x86.ActiveCfg = Release|Win32
		{31BC997C-4EBB-4047-98BB-2FB5CA612130}.Release|x86.Build.0 = Release|Win32
	EndGlobalSection
	GlobalSection(SolutionProperties) = preSolution
		HideSolutionNode = FALSE
	EndGlobalSection
	GlobalSection(ExtensibilityGlobals) = postSolution
		SolutionGuid = {50FEC7D5-5392-4B32-AC8B-B5B72F79F698}
	EndGlobalSection
EndGlobal
